
Microsoft Visual Studio Solution File, Format Version 12.00
# Visual Studio Version 16
VisualStudioVersion = 16.0.30517.126
MinimumVisualStudioVersion = 10.0.40219.1
Project("{9A19103F-16F7-4668-BE54-9A1E7A4F7556}") = "ScoreTracker", "ScoreTracker.csproj", "{50BF08B9-C4DE-4217-9916-57DAED04C899}"
EndProject
Project("{FAE04EC0-301F-11D3-BF4B-00C04F79EFBC}") = "ScoreTracker.UnityTest", "ScoreTracker.UnityTest\ScoreTracker.UnityTest.csproj", "{FCAB69B5-04BE-4472-9DD0-183AA32F1C81}"
EndProject
Global
	GlobalSection(SolutionConfigurationPlatforms) = preSolution
		Debug|Any CPU = Debug|Any CPU
		Release|Any CPU = Release|Any CPU
	EndGlobalSection
	GlobalSection(ProjectConfigurationPlatforms) = postSolution
		{50BF08B9-C4DE-4217-9916-57DAED04C899}.Debug|Any CPU.ActiveCfg = Debug|Any CPU
		{50BF08B9-C4DE-4217-9916-57DAED04C899}.Debug|Any CPU.Build.0 = Debug|Any CPU
		{50BF08B9-C4DE-4217-9916-57DAED04C899}.Release|Any CPU.ActiveCfg = Release|Any CPU
		{50BF08B9-C4DE-4217-9916-57DAED04C899}.Release|Any CPU.Build.0 = Release|Any CPU
		{FCAB69B5-04BE-4472-9DD0-183AA32F1C81}.Debug|Any CPU.ActiveCfg = Debug|Any CPU
		{FCAB69B5-04BE-4472-9DD0-183AA32F1C81}.Debug|Any CPU.Build.0 = Debug|Any CPU
		{FCAB69B5-04BE-4472-9DD0-183AA32F1C81}.Release|Any CPU.ActiveCfg = Release|Any CPU
		{FCAB69B5-04BE-4472-9DD0-183AA32F1C81}.Release|Any CPU.Build.0 = Release|Any CPU
	EndGlobalSection
	GlobalSection(SolutionProperties) = preSolution
		HideSolutionNode = FALSE
	EndGlobalSection
	GlobalSection(ExtensibilityGlobals) = postSolution
		SolutionGuid = {451ED5F2-CFAE-4274-8D90-C8066607A719}
	EndGlobalSection
EndGlobal
